
Microsoft Visual Studio Solution File, Format Version 12.00
# Visual Studio 15
VisualStudioVersion = 15.0.27703.2000
MinimumVisualStudioVersion = 10.0.40219.1
Project("{FAE04EC0-301F-11D3-BF4B-00C04F79EFBC}") = "SampleProblem3_2DArray", "SampleProblem3_2DArray\SampleProblem3_2DArray.csproj", "{BEB3E60D-ED5E-4C33-BD9E-97BDD477E9AD}"
EndProject
Global
	GlobalSection(SolutionConfigurationPlatforms) = preSolution
		Debug|Any CPU = Debug|Any CPU
		Release|Any CPU = Release|Any CPU
	EndGlobalSection
	GlobalSection(ProjectConfigurationPlatforms) = postSolution
		{BEB3E60D-ED5E-4C33-BD9E-97BDD477E9AD}.Debug|Any CPU.ActiveCfg = Debug|Any CPU
		{BEB3E60D-ED5E-4C33-BD9E-97BDD477E9AD}.Debug|Any CPU.Build.0 = Debug|Any CPU
		{BEB3E60D-ED5E-4C33-BD9E-97BDD477E9AD}.Release|Any CPU.ActiveCfg = Release|Any CPU
		{BEB3E60D-ED5E-4C33-BD9E-97BDD477E9AD}.Release|Any CPU.Build.0 = Release|Any CPU
	EndGlobalSection
	GlobalSection(SolutionProperties) = preSolution
		HideSolutionNode = FALSE
	EndGlobalSection
	GlobalSection(ExtensibilityGlobals) = postSolution
		SolutionGuid = {4F4FAC9F-5FC3-49DB-A875-9EAE50A25242}
	EndGlobalSection
EndGlobal
